
Microsoft Visual Studio Solution File, Format Version 12.00
# Visual Studio Version 17
VisualStudioVersion = 17.6.33815.320
MinimumVisualStudioVersion = 10.0.40219.1
Project("{FAE04EC0-301F-11D3-BF4B-00C04F79EFBC}") = "WebApplication1", "WebApplication1\WebApplication1.csproj", "{B0E7F041-E190-4504-BE9E-1452A7B04EE2}"
EndProject
Global
	GlobalSection(SolutionConfigurationPlatforms) = preSolution
		Debug|Any CPU = Debug|Any CPU
		Release|Any CPU = Release|Any CPU
	EndGlobalSection
	GlobalSection(ProjectConfigurationPlatforms) = postSolution
		{B0E7F041-E190-4504-BE9E-1452A7B04EE2}.Debug|Any CPU.ActiveCfg = Debug|Any CPU
		{B0E7F041-E190-4504-BE9E-1452A7B04EE2}.Debug|Any CPU.Build.0 = Debug|Any CPU
		{B0E7F041-E190-4504-BE9E-1452A7B04EE2}.Release|Any CPU.ActiveCfg = Release|Any CPU
		{B0E7F041-E190-4504-BE9E-1452A7B04EE2}.Release|Any CPU.Build.0 = Release|Any CPU
	EndGlobalSection
	GlobalSection(SolutionProperties) = preSolution
		HideSolutionNode = FALSE
	EndGlobalSection
	GlobalSection(ExtensibilityGlobals) = postSolution
		SolutionGuid = {DB4BF24F-FC4A-4E32-BB10-B14F95543259}
	EndGlobalSection
EndGlobal
